Microsoft Visual Studio Solution File, Format Version 12.00
# Visual Studio Version 17
VisualStudioVersion = 17.5.2.0
MinimumVisualStudioVersion = 10.0.40219.1
Project("{FAE04EC0-301F-11D3-BF4B-00C04F79EFBC}") = "FoodOrderingApplicationFigma", "FoodOrderingApplicationFigma.csproj", "{A9114F66-2488-396C-4E5C-38275050F653}"
EndProject
Global
	GlobalSection(SolutionConfigurationPlatforms) = preSolution
		Debug|Any CPU = Debug|Any CPU
		Release|Any CPU = Release|Any CPU
	EndGlobalSection
	GlobalSection(ProjectConfigurationPlatforms) = postSolution
		{A9114F66-2488-396C-4E5C-38275050F653}.Debug|Any CPU.ActiveCfg = Debug|Any CPU
		{A9114F66-2488-396C-4E5C-38275050F653}.Debug|Any CPU.Build.0 = Debug|Any CPU
		{A9114F66-2488-396C-4E5C-38275050F653}.Release|Any CPU.ActiveCfg = Release|Any CPU
		{A9114F66-2488-396C-4E5C-38275050F653}.Release|Any CPU.Build.0 = Release|Any CPU
	EndGlobalSection
	GlobalSection(SolutionProperties) = preSolution
		HideSolutionNode = FALSE
	EndGlobalSection
	GlobalSection(ExtensibilityGlobals) = postSolution
		SolutionGuid = {B08A2CDA-7F7D-4664-8BB3-4104898685D3}
	EndGlobalSection
EndGlobal
